
Microsoft Visual Studio Solution File, Format Version 12.00
# Visual Studio Version 17
VisualStudioVersion = 17.13.35806.99
MinimumVisualStudioVersion = 10.0.40219.1
Project("{FAE04EC0-301F-11D3-BF4B-00C04F79EFBC}") = "NetQueStore.exe201", "NetQueStore.exe201\NetQueStore.exe201.csproj", "{9C8A377F-1652-411D-98E4-7E299CD3C78B}"
EndProject
Global
	GlobalSection(SolutionConfigurationPlatforms) = preSolution
		Debug|Any CPU = Debug|Any CPU
		Release|Any CPU = Release|Any CPU
	EndGlobalSection
	GlobalSection(ProjectConfigurationPlatforms) = postSolution
		{9C8A377F-1652-411D-98E4-7E299CD3C78B}.Debug|Any CPU.ActiveCfg = Release|Any CPU
		{9C8A377F-1652-411D-98E4-7E299CD3C78B}.Debug|Any CPU.Build.0 = Release|Any CPU
		{9C8A377F-1652-411D-98E4-7E299CD3C78B}.Release|Any CPU.ActiveCfg = Release|Any CPU
		{9C8A377F-1652-411D-98E4-7E299CD3C78B}.Release|Any CPU.Build.0 = Release|Any CPU
	EndGlobalSection
	GlobalSection(SolutionProperties) = preSolution
		HideSolutionNode = FALSE
	EndGlobalSection
	GlobalSection(ExtensibilityGlobals) = postSolution
		SolutionGuid = {4539B61B-D3E9-4D59-A4A6-B69A44AF59B6}
	EndGlobalSection
EndGlobal
